Microsoft Visual Studio Solution File, Format Version 12.00
# Visual Studio Version 16
VisualStudioVersion = 16.0.30711.63
MinimumVisualStudioVersion = 10.0.40219.1
Project("{8BC9CEB8-8B4A-11D0-8D11-00A0C91BC942}") = "game", "game.vcxproj", "{49BEC5C6-B964-417A-851E-808886B57430}"
EndProject
Project("{8BC9CEB8-8B4A-11D0-8D11-00A0C91BC942}") = "idlib", "idlib.vcxproj", "{49BEC5C6-B964-417A-851E-808886B57400}"
EndProject
Project("{2150E333-8FDC-42A3-9474-1A3956D46DE8}") = "GameCode", "GameCode", "{3D58340E-5538-4A17-9EF4-3FF7906932C3}"
EndProject
Project("{2150E333-8FDC-42A3-9474-1A3956D46DE8}") = "Engine", "Engine", "{F464E540-A37A-4D17-8545-D63D0486E06B}"
EndProject
Project("{8BC9CEB8-8B4A-11D0-8D11-00A0C91BC942}") = "Quake4", "doomdll.vcxproj", "{49BEC5C6-B964-417A-851E-808886B57420}"
EndProject
Project("{2150E333-8FDC-42A3-9474-1A3956D46DE8}") = "Shared", "Shared", "{C4AAA1D6-0C91-44CB-AC96-8525342E2020}"
EndProject
Global
	GlobalSection(SolutionConfigurationPlatforms) = preSolution
		Debug with inlines and memory log|x64 = Debug with inlines and memory log|x64
		Debug with inlines and memory log|x86 = Debug with inlines and memory log|x86
		Debug with inlines|x64 = Debug with inlines|x64
		Debug with inlines|x86 = Debug with inlines|x86
		Debug|x64 = Debug|x64
		Debug|x86 = Debug|x86
		DebugInline|x64 = DebugInline|x64
		DebugInline|x86 = DebugInline|x86
		Dedicated Debug with inlines|x64 = Dedicated Debug with inlines|x64
		Dedicated Debug with inlines|x86 = Dedicated Debug with inlines|x86
		Dedicated Debug|x64 = Dedicated Debug|x64
		Dedicated Debug|x86 = Dedicated Debug|x86
		Dedicated Release|x64 = Dedicated Release|x64
		Dedicated Release|x86 = Dedicated Release|x86
		Release|x64 = Release|x64
		Release|x86 = Release|x86
	EndGlobalSection
	GlobalSection(ProjectConfigurationPlatforms) = postSolution
		{49BEC5C6-B964-417A-851E-808886B57430}.Debug with inlines and memory log|x64.ActiveCfg = DebugInline|x64
		{49BEC5C6-B964-417A-851E-808886B57430}.Debug with inlines and memory log|x64.Build.0 = DebugInline|x64
		{49BEC5C6-B964-417A-851E-808886B57430}.Debug with inlines and memory log|x86.ActiveCfg = Release|x64
		{49BEC5C6-B964-417A-851E-808886B57430}.Debug with inlines and memory log|x86.Build.0 = Release|x64
		{49BEC5C6-B964-417A-851E-808886B57430}.Debug with inlines|x64.ActiveCfg = DebugInline|x64
		{49BEC5C6-B964-417A-851E-808886B57430}.Debug with inlines|x64.Build.0 = DebugInline|x64
		{49BEC5C6-B964-417A-851E-808886B57430}.Debug with inlines|x86.ActiveCfg = Release|x64
		{49BEC5C6-B964-417A-851E-808886B57430}.Debug with inlines|x86.Build.0 = Release|x64
		{49BEC5C6-B964-417A-851E-808886B57430}.Debug|x64.ActiveCfg = Debug|x64
		{49BEC5C6-B964-417A-851E-808886B57430}.Debug|x64.Build.0 = Debug|x64
		{49BEC5C6-B964-417A-851E-808886B57430}.Debug|x86.ActiveCfg = Debug|x64
		{49BEC5C6-B964-417A-851E-808886B57430}.DebugInline|x64.ActiveCfg = DebugInline|x64
		{49BEC5C6-B964-417A-851E-808886B57430}.DebugInline|x64.Build.0 = DebugInline|x64
		{49BEC5C6-B964-417A-851E-808886B57430}.DebugInline|x86.ActiveCfg = DebugInline|x64
		{49BEC5C6-B964-417A-851E-808886B57430}.Dedicated Debug with inlines|x64.ActiveCfg = Debug|x64
		{49BEC5C6-B964-417A-851E-808886B57430}.Dedicated Debug with inlines|x64.Build.0 = Debug|x64
		{49BEC5C6-B964-417A-851E-808886B57430}.Dedicated Debug with inlines|x86.ActiveCfg = Release|x64
		{49BEC5C6-B964-417A-851E-808886B57430}.Dedicated Debug with inlines|x86.Build.0 = Release|x64
		{49BEC5C6-B964-417A-851E-808886B57430}.Dedicated Debug|x64.ActiveCfg = Debug|x64
		{49BEC5C6-B964-417A-851E-808886B57430}.Dedicated Debug|x64.Build.0 = Debug|x64
		{49BEC5C6-B964-417A-851E-808886B57430}.Dedicated Debug|x86.ActiveCfg = Release|x64
		{49BEC5C6-B964-417A-851E-808886B57430}.Dedicated Debug|x86.Build.0 = Release|x64
		{49BEC5C6-B964-417A-851E-808886B57430}.Dedicated Release|x64.ActiveCfg = Release|x64
		{49BEC5C6-B964-417A-851E-808886B57430}.Dedicated Release|x64.Build.0 = Release|x64
		{49BEC5C6-B964-417A-851E-808886B57430}.Dedicated Release|x86.ActiveCfg = Release|x64
		{49BEC5C6-B964-417A-851E-808886B57430}.Dedicated Release|x86.Build.0 = Release|x64
		{49BEC5C6-B964-417A-851E-808886B57430}.Release|x64.ActiveCfg = Release|x64
		{49BEC5C6-B964-417A-851E-808886B57430}.Release|x64.Build.0 = Release|x64
		{49BEC5C6-B964-417A-851E-808886B57430}.Release|x86.ActiveCfg = Release|x64
		{49BEC5C6-B964-417A-851E-808886B57400}.Debug with inlines and memory log|x64.ActiveCfg = DebugInline|x64
		{49BEC5C6-B964-417A-851E-808886B57400}.Debug with inlines and memory log|x64.Build.0 = DebugInline|x64
		{49BEC5C6-B964-417A-851E-808886B57400}.Debug with inlines and memory log|x86.ActiveCfg = Release|x64
		{49BEC5C6-B964-417A-851E-808886B57400}.Debug with inlines and memory log|x86.Build.0 = Release|x64
		{49BEC5C6-B964-417A-851E-808886B57400}.Debug with inlines|x64.ActiveCfg = DebugInline|x64
		{49BEC5C6-B964-417A-851E-808886B57400}.Debug with inlines|x64.Build.0 = DebugInline|x64
		{49BEC5C6-B964-417A-851E-808886B57400}.Debug with inlines|x86.ActiveCfg = Release|x64
		{49BEC5C6-B964-417A-851E-808886B57400}.Debug with inlines|x86.Build.0 = Release|x64
		{49BEC5C6-B964-417A-851E-808886B57400}.Debug|x64.ActiveCfg = Debug|x64
		{49BEC5C6-B964-417A-851E-808886B57400}.Debug|x64.Build.0 = Debug|x64
		{49BEC5C6-B964-417A-851E-808886B57400}.Debug|x86.ActiveCfg = Debug|x64
		{49BEC5C6-B964-417A-851E-808886B57400}.DebugInline|x64.ActiveCfg = DebugInline|x64
		{49BEC5C6-B964-417A-851E-808886B57400}.DebugInline|x64.Build.0 = DebugInline|x64
		{49BEC5C6-B964-417A-851E-808886B57400}.DebugInline|x86.ActiveCfg = DebugInline|x64
		{49BEC5C6-B964-417A-851E-808886B57400}.Dedicated Debug with inlines|x64.ActiveCfg = Debug|x64
		{49BEC5C6-B964-417A-851E-808886B57400}.Dedicated Debug with inlines|x64.Build.0 = Debug|x64
		{49BEC5C6-B964-417A-851E-808886B57400}.Dedicated Debug with inlines|x86.ActiveCfg = Release|x64
		{49BEC5C6-B964-417A-851E-808886B57400}.Dedicated Debug with inlines|x86.Build.0 = Release|x64
		{49BEC5C6-B964-417A-851E-808886B57400}.Dedicated Debug|x64.ActiveCfg = Debug|x64
		{49BEC5C6-B964-417A-851E-808886B57400}.Dedicated Debug|x64.Build.0 = Debug|x64
		{49BEC5C6-B964-417A-851E-808886B57400}.Dedicated Debug|x86.ActiveCfg = Release|x64
		{49BEC5C6-B964-417A-851E-808886B57400}.Dedicated Debug|x86.Build.0 = Release|x64
		{49BEC5C6-B964-417A-851E-808886B57400}.Dedicated Release|x64.ActiveCfg = Release|x64
		{49BEC5C6-B964-417A-851E-808886B57400}.Dedicated Release|x64.Build.0 = Release|x64
		{49BEC5C6-B964-417A-851E-808886B57400}.Dedicated Release|x86.ActiveCfg = Release|x64
		{49BEC5C6-B964-417A-851E-808886B57400}.Dedicated Release|x86.Build.0 = Release|x64
		{49BEC5C6-B964-417A-851E-808886B57400}.Release|x64.ActiveCfg = Release|x64
		{49BEC5C6-B964-417A-851E-808886B57400}.Release|x64.Build.0 = Release|x64
		{49BEC5C6-B964-417A-851E-808886B57400}.Release|x86.ActiveCfg = Release|x64
		{49BEC5C6-B964-417A-851E-808886B57420}.Debug with inlines and memory log|x64.ActiveCfg = Debug with inlines and memory log|x64
		{49BEC5C6-B964-417A-851E-808886B57420}.Debug with inlines and memory log|x64.Build.0 = Debug with inlines and memory log|x64
		{49BEC5C6-B964-417A-851E-808886B57420}.Debug with inlines and memory log|x86.ActiveCfg = Debug with inlines and memory log|x64
		{49BEC5C6-B964-417A-851E-808886B57420}.Debug with inlines|x64.ActiveCfg = Debug with inlines|x64
		{49BEC5C6-B964-417A-851E-808886B57420}.Debug with inlines|x64.Build.0 = Debug with inlines|x64
		{49BEC5C6-B964-417A-851E-808886B57420}.Debug with inlines|x86.ActiveCfg = Debug with inlines|x64
		{49BEC5C6-B964-417A-851E-808886B57420}.Debug|x64.ActiveCfg = Debug|x64
		{49BEC5C6-B964-417A-851E-808886B57420}.Debug|x64.Build.0 = Debug|x64
		{49BEC5C6-B964-417A-851E-808886B57420}.Debug|x86.ActiveCfg = Debug|x64
		{49BEC5C6-B964-417A-851E-808886B57420}.DebugInline|x64.ActiveCfg = Debug with inlines|x64
		{49BEC5C6-B964-417A-851E-808886B57420}.DebugInline|x64.Build.0 = Debug with inlines|x64
		{49BEC5C6-B964-417A-851E-808886B57420}.DebugInline|x86.ActiveCfg = Release|x64
		{49BEC5C6-B964-417A-851E-808886B57420}.DebugInline|x86.Build.0 = Release|x64
		{49BEC5C6-B964-417A-851E-808886B57420}.Dedicated Debug with inlines|x64.ActiveCfg = Dedicated Debug with inlines|x64
		{49BEC5C6-B964-417A-851E-808886B57420}.Dedicated Debug with inlines|x64.Build.0 = Dedicated Debug with inlines|x64
		{49BEC5C6-B964-417A-851E-808886B57420}.Dedicated Debug with inlines|x86.ActiveCfg = Dedicated Debug with inlines|x64
		{49BEC5C6-B964-417A-851E-808886B57420}.Dedicated Debug|x64.ActiveCfg = Dedicated Debug|x64
		{49BEC5C6-B964-417A-851E-808886B57420}.Dedicated Debug|x64.Build.0 = Dedicated Debug|x64
		{49BEC5C6-B964-417A-851E-808886B57420}.Dedicated Debug|x86.ActiveCfg = Dedicated Debug|x64
		{49BEC5C6-B964-417A-851E-808886B57420}.Dedicated Release|x64.ActiveCfg = Dedicated Release|x64
		{49BEC5C6-B964-417A-851E-808886B57420}.Dedicated Release|x64.Build.0 = Dedicated Release|x64
		{49BEC5C6-B964-417A-851E-808886B57420}.Dedicated Release|x86.ActiveCfg = Dedicated Release|x64
		{49BEC5C6-B964-417A-851E-808886B57420}.Release|x64.ActiveCfg = Release|x64
		{49BEC5C6-B964-417A-851E-808886B57420}.Release|x64.Build.0 = Release|x64
		{49BEC5C6-B964-417A-851E-808886B57420}.Release|x86.ActiveCfg = Release|x64
	EndGlobalSection
	GlobalSection(SolutionProperties) = preSolution
		HideSolutionNode = FALSE
	EndGlobalSection
	GlobalSection(NestedProjects) = preSolution
		{49BEC5C6-B964-417A-851E-808886B57430} = {3D58340E-5538-4A17-9EF4-3FF7906932C3}
		{49BEC5C6-B964-417A-851E-808886B57400} = {C4AAA1D6-0C91-44CB-AC96-8525342E2020}
		{49BEC5C6-B964-417A-851E-808886B57420} = {F464E540-A37A-4D17-8545-D63D0486E06B}
	EndGlobalSection
	GlobalSection(ExtensibilityGlobals) = postSolution
		SolutionGuid = {30B8C7F8-F51D-4720-BB96-7A33BC8341C7}
	EndGlobalSection
EndGlobal
